
Microsoft Visual Studio Solution File, Format Version 12.00
# Visual Studio 14
VisualStudioVersion = 14.0.25123.0
MinimumVisualStudioVersion = 10.0.40219.1
Project("{FAE04EC0-301F-11D3-BF4B-00C04F79EFBC}") = "ShipmentOptimizerLib", "ShipmentOptimizerLib\ShipmentOptimizerLib.csproj", "{58CD9E0C-3AC8-4002-AB83-E4CFD0B4E2AD}"
EndProject
Project("{FAE04EC0-301F-11D3-BF4B-00C04F79EFBC}") = "TestOptimizer", "TestOptimizer\TestOptimizer.csproj", "{B1D011F5-75A5-44DE-BFAE-5CDA462DF357}"
EndProject
Global
	GlobalSection(SolutionConfigurationPlatforms) = preSolution
		Debug|Any CPU = Debug|Any CPU
		Release|Any CPU = Release|Any CPU
	EndGlobalSection
	GlobalSection(ProjectConfigurationPlatforms) = postSolution
		{58CD9E0C-3AC8-4002-AB83-E4CFD0B4E2AD}.Debug|Any CPU.ActiveCfg = Debug|Any CPU
		{58CD9E0C-3AC8-4002-AB83-E4CFD0B4E2AD}.Debug|Any CPU.Build.0 = Debug|Any CPU
		{58CD9E0C-3AC8-4002-AB83-E4CFD0B4E2AD}.Release|Any CPU.ActiveCfg = Release|Any CPU
		{58CD9E0C-3AC8-4002-AB83-E4CFD0B4E2AD}.Release|Any CPU.Build.0 = Release|Any CPU
		{B1D011F5-75A5-44DE-BFAE-5CDA462DF357}.Debug|Any CPU.ActiveCfg = Debug|Any CPU
		{B1D011F5-75A5-44DE-BFAE-5CDA462DF357}.Debug|Any CPU.Build.0 = Debug|Any CPU
		{B1D011F5-75A5-44DE-BFAE-5CDA462DF357}.Release|Any CPU.ActiveCfg = Release|Any CPU
		{B1D011F5-75A5-44DE-BFAE-5CDA462DF357}.Release|Any CPU.Build.0 = Release|Any CPU
	EndGlobalSection
	GlobalSection(SolutionProperties) = preSolution
		HideSolutionNode = FALSE
	EndGlobalSection
EndGlobal
